
Microsoft Visual Studio Solution File, Format Version 12.00
# Visual Studio Version 17
VisualStudioVersion = 17.8.34330.188
MinimumVisualStudioVersion = 10.0.40219.1
Project("{FAE04EC0-301F-11D3-BF4B-00C04F79EFBC}") = "HumanResourcesMVC", "HumanResourcesMVC\HumanResourcesMVC.csproj", "{4734B3BE-0D63-4784-98BC-813981424836}"
EndProject
Global
	GlobalSection(SolutionConfigurationPlatforms) = preSolution
		Debug|Any CPU = Debug|Any CPU
		Release|Any CPU = Release|Any CPU
	EndGlobalSection
	GlobalSection(ProjectConfigurationPlatforms) = postSolution
		{4734B3BE-0D63-4784-98BC-813981424836}.Debug|Any CPU.ActiveCfg = Debug|Any CPU
		{4734B3BE-0D63-4784-98BC-813981424836}.Debug|Any CPU.Build.0 = Debug|Any CPU
		{4734B3BE-0D63-4784-98BC-813981424836}.Release|Any CPU.ActiveCfg = Release|Any CPU
		{4734B3BE-0D63-4784-98BC-813981424836}.Release|Any CPU.Build.0 = Release|Any CPU
	EndGlobalSection
	GlobalSection(SolutionProperties) = preSolution
		HideSolutionNode = FALSE
	EndGlobalSection
	GlobalSection(ExtensibilityGlobals) = postSolution
		SolutionGuid = {F8542AAF-C28C-41C0-B526-6C020039BF45}
	EndGlobalSection
EndGlobal
